{
  "registry": "Adam-S-Daniel/adam-agentskills",
  "ref": "2a322dde20fcd4ac98e214795b1453e941c529f8",
  "bundles": [
    "adam-anything-anywhere",
    "adam-coding-anywhere"
  ],
  "skills": {
    "adam-anything-anywhere/finding-unknowns": "sha256:a67b7663b5b44d07cfddeb923ce19f3cf79447e052658a69cf7fcb985fc0130d",
    "adam-anything-anywhere/writing-adrs": "sha256:4e9a4b9472bd3d92501bf0d7f882544ba66e8b03aa48bac7fa1689c45d903820",
    "adam-coding-anywhere/debug-github-workflows": "sha256:e2694c8c35223c6bf8eb0691fa99766a5ee4665ec33c0bbb73c4503697c29ff3",
    "adam-coding-anywhere/disarm-inherited-reach": "sha256:3e355e35d7012c34d475711e8b438bfc5075deb92982b7561e1f9bb40054b893",
    "adam-coding-anywhere/github-actions-repo-settings": "sha256:90ec9ab616934dc76081bbd645824ae5063dd42e4fed5eb7d8856ac58fcd2e71",
    "adam-coding-anywhere/review-bash-ci-reliability": "sha256:df5ec0ca21602933fec981af7bbd6d8d668a9bb4f463cde44677843d5dc1e880",
    "adam-coding-anywhere/skills-doctor": "sha256:b0cdd12ecd4757208ad2070535dbfe74d127f47e2ed7815245fada910aa12d5a",
    "adam-coding-anywhere/vendor-release-impact-issues": "sha256:b7bc6f17c002a05b5c5c517ddf598c717820ef808d5d240a5e8e9d6e68a7c426",
    "adam-coding-anywhere/workflow-path-audit": "sha256:8a7c57bcd890bbab38c42473d8705f0b2521954385f03bf5289e3ec84d3fcdde"
  },
  "generated_from": "2a322dde20fcd4ac98e214795b1453e941c529f8"
}
